
Microsoft Visual Studio Solution File, Format Version 12.00
# Visual Studio Version 16
VisualStudioVersion = 16.0.30907.101
MinimumVisualStudioVersion = 10.0.40219.1
Project("{2150E333-8FDC-42A3-9474-1A3956D46DE8}") = "Services", "Services", "{7F9D2ECC-627E-4B24-A2A1-104954085216}"
EndProject
Project("{2150E333-8FDC-42A3-9474-1A3956D46DE8}") = "Catalog", "Catalog", "{CB76891B-085A-47A7-9B79-18659A915174}"
EndProject
Project("{9A19103F-16F7-4668-BE54-9A1E7A4F7556}") = "Catalog.API", "Services\Catalog\Catalog.API\Catalog.API.csproj", "{6AFCA7E1-6C8E-451F-A08A-BA43AAC21B76}"
EndProject
Project("{2150E333-8FDC-42A3-9474-1A3956D46DE8}") = "Data", "Data", "{07C41E2F-A87A-4A6B-B08E-8C0A087A8F98}"
	ProjectSection(SolutionItems) = preProject
		Products.json = Products.json
	EndProjectSection
EndProject
Project("{E53339B2-1760-4266-BCC7-CA923CBCF16C}") = "docker-compose", "docker-compose.dcproj", "{5744639E-CBA9-4DFC-B7DF-66129A5727A4}"
EndProject
Project("{2150E333-8FDC-42A3-9474-1A3956D46DE8}") = "Basket", "Basket", "{24BF0610-3844-46FA-B01D-CBC62E92ED96}"
EndProject
Project("{9A19103F-16F7-4668-BE54-9A1E7A4F7556}") = "Basket.API", "Services\Basket\Basket.API\Basket.API.csproj", "{7F7B6427-4516-4640-A117-F70A5DFC66B8}"
EndProject
Project("{2150E333-8FDC-42A3-9474-1A3956D46DE8}") = "Discount", "Discount", "{A49B1FDB-7B56-4F57-9AAB-04C5FDD5B6C2}"
EndProject
Project("{9A19103F-16F7-4668-BE54-9A1E7A4F7556}") = "Discount.API", "Services\Discount\Discount.API\Discount.API.csproj", "{1DF16E7F-D050-4835-A5A8-EE3EF3466DEA}"
EndProject
Project("{FAE04EC0-301F-11D3-BF4B-00C04F79EFBC}") = "Discount.Grpc", "Services\Discount\Discount.Grpc\Discount.Grpc.csproj", "{BCCC9609-CA45-4D09-B70D-EF41E306FDD4}"
EndProject
Global
	GlobalSection(SolutionConfigurationPlatforms) = preSolution
		Debug|Any CPU = Debug|Any CPU
		Release|Any CPU = Release|Any CPU
	EndGlobalSection
	GlobalSection(ProjectConfigurationPlatforms) = postSolution
		{6AFCA7E1-6C8E-451F-A08A-BA43AAC21B76}.Debug|Any CPU.ActiveCfg = Debug|Any CPU
		{6AFCA7E1-6C8E-451F-A08A-BA43AAC21B76}.Debug|Any CPU.Build.0 = Debug|Any CPU
		{6AFCA7E1-6C8E-451F-A08A-BA43AAC21B76}.Release|Any CPU.ActiveCfg = Release|Any CPU
		{6AFCA7E1-6C8E-451F-A08A-BA43AAC21B76}.Release|Any CPU.Build.0 = Release|Any CPU
		{5744639E-CBA9-4DFC-B7DF-66129A5727A4}.Debug|Any CPU.ActiveCfg = Debug|Any CPU
		{5744639E-CBA9-4DFC-B7DF-66129A5727A4}.Debug|Any CPU.Build.0 = Debug|Any CPU
		{5744639E-CBA9-4DFC-B7DF-66129A5727A4}.Release|Any CPU.ActiveCfg = Release|Any CPU
		{5744639E-CBA9-4DFC-B7DF-66129A5727A4}.Release|Any CPU.Build.0 = Release|Any CPU
		{7F7B6427-4516-4640-A117-F70A5DFC66B8}.Debug|Any CPU.ActiveCfg = Debug|Any CPU
		{7F7B6427-4516-4640-A117-F70A5DFC66B8}.Debug|Any CPU.Build.0 = Debug|Any CPU
		{7F7B6427-4516-4640-A117-F70A5DFC66B8}.Release|Any CPU.ActiveCfg = Release|Any CPU
		{7F7B6427-4516-4640-A117-F70A5DFC66B8}.Release|Any CPU.Build.0 = Release|Any CPU
		{1DF16E7F-D050-4835-A5A8-EE3EF3466DEA}.Debug|Any CPU.ActiveCfg = Debug|Any CPU
		{1DF16E7F-D050-4835-A5A8-EE3EF3466DEA}.Debug|Any CPU.Build.0 = Debug|Any CPU
		{1DF16E7F-D050-4835-A5A8-EE3EF3466DEA}.Release|Any CPU.ActiveCfg = Release|Any CPU
		{1DF16E7F-D050-4835-A5A8-EE3EF3466DEA}.Release|Any CPU.Build.0 = Release|Any CPU
		{BCCC9609-CA45-4D09-B70D-EF41E306FDD4}.Debug|Any CPU.ActiveCfg = Debug|Any CPU
		{BCCC9609-CA45-4D09-B70D-EF41E306FDD4}.Debug|Any CPU.Build.0 = Debug|Any CPU
		{BCCC9609-CA45-4D09-B70D-EF41E306FDD4}.Release|Any CPU.ActiveCfg = Release|Any CPU
		{BCCC9609-CA45-4D09-B70D-EF41E306FDD4}.Release|Any CPU.Build.0 = Release|Any CPU
	EndGlobalSection
	GlobalSection(SolutionProperties) = preSolution
		HideSolutionNode = FALSE
	EndGlobalSection
	GlobalSection(NestedProjects) = preSolution
		{CB76891B-085A-47A7-9B79-18659A915174} = {7F9D2ECC-627E-4B24-A2A1-104954085216}
		{6AFCA7E1-6C8E-451F-A08A-BA43AAC21B76} = {CB76891B-085A-47A7-9B79-18659A915174}
		{07C41E2F-A87A-4A6B-B08E-8C0A087A8F98} = {CB76891B-085A-47A7-9B79-18659A915174}
		{24BF0610-3844-46FA-B01D-CBC62E92ED96} = {7F9D2ECC-627E-4B24-A2A1-104954085216}
		{7F7B6427-4516-4640-A117-F70A5DFC66B8} = {24BF0610-3844-46FA-B01D-CBC62E92ED96}
		{A49B1FDB-7B56-4F57-9AAB-04C5FDD5B6C2} = {7F9D2ECC-627E-4B24-A2A1-104954085216}
		{1DF16E7F-D050-4835-A5A8-EE3EF3466DEA} = {A49B1FDB-7B56-4F57-9AAB-04C5FDD5B6C2}
		{BCCC9609-CA45-4D09-B70D-EF41E306FDD4} = {A49B1FDB-7B56-4F57-9AAB-04C5FDD5B6C2}
	EndGlobalSection
	GlobalSection(ExtensibilityGlobals) = postSolution
		SolutionGuid = {034DDD87-29AD-4747-8C74-B2D50E029B8F}
	EndGlobalSection
EndGlobal
